// !$*UTF8*$!
{
	archiveVersion = 1;
	classes = {
	};
	objectVersion = 46;
	objects = {

/* Begin PBXBuildFile section */
		619D7F7D20A9C2E60082C286 /* AppDelegate.swift in Sources */ = {isa = PBXBuildFile; fileRef = 619D7F7C20A9C2E60082C286 /* AppDelegate.swift */; };
		619D7F8420A9C2E60082C286 /* Main.storyboard in Resources */ = {isa = PBXBuildFile; fileRef = 619D7F8220A9C2E60082C286 /* Main.storyboard */; };
		619D7F8620A9C2E60082C286 /* Assets.xcassets in Resources */ = {isa = PBXBuildFile; fileRef = 619D7F8520A9C2E60082C286 /* Assets.xcassets */; };
		619D7F8920A9C2E60082C286 /* LaunchScreen.storyboard in Resources */ = {isa = PBXBuildFile; fileRef = 619D7F8720A9C2E60082C286 /* LaunchScreen.storyboard */; };
		619D7F9520A9F7FE0082C286 /* HomeController.swift in Sources */ = {isa = PBXBuildFile; fileRef = 619D7F9420A9F7FE0082C286 /* HomeController.swift */; };
		619D7F9720A9F8FB0082C286 /* MichiController.swift in Sources */ = {isa = PBXBuildFile; fileRef = 619D7F9620A9F8FB0082C286 /* MichiController.swift */; };
		619D7F9920A9F91B0082C286 /* BlackjackController.swift in Sources */ = {isa = PBXBuildFile; fileRef = 619D7F9820A9F91B0082C286 /* BlackjackController.swift */; };
		619D7F9B20A9F96C0082C286 /* GoController.swift in Sources */ = {isa = PBXBuildFile; fileRef = 619D7F9A20A9F96C0082C286 /* GoController.swift */; };
		61C1AE9520AA1FFC003DA5CC /* CardView.swift in Sources */ = {isa = PBXBuildFile; fileRef = 61C1AE9420AA1FFC003DA5CC /* CardView.swift */; };
		61C1AE9720AA202C003DA5CC /* CardView.xib in Resources */ = {isa = PBXBuildFile; fileRef = 61C1AE9620AA202C003DA5CC /* CardView.xib */; };
		61C1AE9B20AA21DD003DA5CC /* BlackjackModels.swift in Sources */ = {isa = PBXBuildFile; fileRef = 61C1AE9A20AA21DD003DA5CC /* BlackjackModels.swift */; };
/* End PBXBuildFile section */

/* Begin PBXFileReference section */
		619D7F7920A9C2E60082C286 /* ULimaGamesApp.app */ = {isa = PBXFileReference; explicitFileType = wrapper.application; includeInIndex = 0; path = ULimaGamesApp.app; sourceTree = BUILT_PRODUCTS_DIR; };
		619D7F7C20A9C2E60082C286 /* AppDelegate.swift */ = {isa = PBXFileReference; lastKnownFileType = sourcecode.swift; path = AppDelegate.swift; sourceTree = "<group>"; };
		619D7F8320A9C2E60082C286 /* Base */ = {isa = PBXFileReference; lastKnownFileType = file.storyboard; name = Base; path = Base.lproj/Main.storyboard; sourceTree = "<group>"; };
		619D7F8520A9C2E60082C286 /* Assets.xcassets */ = {isa = PBXFileReference; lastKnownFileType = folder.assetcatalog; path = Assets.xcassets; sourceTree = "<group>"; };
		619D7F8820A9C2E60082C286 /* Base */ = {isa = PBXFileReference; lastKnownFileType = file.storyboard; name = Base; path = Base.lproj/LaunchScreen.storyboard; sourceTree = "<group>"; };
		619D7F8A20A9C2E60082C286 /* Info.plist */ = {isa = PBXFileReference; lastKnownFileType = text.plist.xml; path = Info.plist; sourceTree = "<group>"; };
		619D7F9420A9F7FE0082C286 /* HomeController.swift */ = {isa = PBXFileReference; fileEncoding = 4; lastKnownFileType = sourcecode.swift; path = HomeController.swift; sourceTree = "<group>"; };
		619D7F9620A9F8FB0082C286 /* MichiController.swift */ = {isa = PBXFileReference; fileEncoding = 4; lastKnownFileType = sourcecode.swift; path = MichiController.swift; sourceTree = "<group>"; };
		619D7F9820A9F91B0082C286 /* BlackjackController.swift */ = {isa = PBXFileReference; fileEncoding = 4; lastKnownFileType = sourcecode.swift; path = BlackjackController.swift; sourceTree = "<group>"; };
		619D7F9A20A9F96C0082C286 /* GoController.swift */ = {isa = PBXFileReference; fileEncoding = 4; lastKnownFileType = sourcecode.swift; path = GoController.swift; sourceTree = "<group>"; };
		61C1AE9420AA1FFC003DA5CC /* CardView.swift */ = {isa = PBXFileReference; fileEncoding = 4; lastKnownFileType = sourcecode.swift; path = CardView.swift; sourceTree = "<group>"; };
		61C1AE9620AA202C003DA5CC /* CardView.xib */ = {isa = PBXFileReference; fileEncoding = 4; lastKnownFileType = file.xib; path = CardView.xib; sourceTree = "<group>"; };
		61C1AE9A20AA21DD003DA5CC /* BlackjackModels.swift */ = {isa = PBXFileReference; fileEncoding = 4; lastKnownFileType = sourcecode.swift; path = BlackjackModels.swift; sourceTree = "<group>"; };
/* End PBXFileReference section */

/* Begin PBXFrameworksBuildPhase section */
		619D7F7620A9C2E60082C286 /* Frameworks */ = {
			isa = PBXFrameworksBuildPhase;
			buildActionMask = 2147483647;
			files = (
			);
			runOnlyForDeploymentPostprocessing = 0;
		};
/* End PBXFrameworksBuildPhase section */

/* Begin PBXGroup section */
		619D7F7020A9C2E60082C286 = {
			isa = PBXGroup;
			children = (
				619D7F7B20A9C2E60082C286 /* ULimaGamesApp */,
				619D7F7A20A9C2E60082C286 /* Products */,
			);
			sourceTree = "<group>";
		};
		619D7F7A20A9C2E60082C286 /* Products */ = {
			isa = PBXGroup;
			children = (
				619D7F7920A9C2E60082C286 /* ULimaGamesApp.app */,
			);
			name = Products;
			sourceTree = "<group>";
		};
		619D7F7B20A9C2E60082C286 /* ULimaGamesApp */ = {
			isa = PBXGroup;
			children = (
				619D7F9220A9C3AE0082C286 /* Controllers */,
				619D7F9120A9C3A00082C286 /* Views */,
				619D7F9020A9C3980082C286 /* Models */,
				619D7F7C20A9C2E60082C286 /* AppDelegate.swift */,
				619D7F8220A9C2E60082C286 /* Main.storyboard */,
				619D7F8520A9C2E60082C286 /* Assets.xcassets */,
				619D7F8720A9C2E60082C286 /* LaunchScreen.storyboard */,
				619D7F8A20A9C2E60082C286 /* Info.plist */,
			);
			path = ULimaGamesApp;
			sourceTree = "<group>";
		};
		619D7F9020A9C3980082C286 /* Models */ = {
			isa = PBXGroup;
			children = (
				61C1AE9A20AA21DD003DA5CC /* BlackjackModels.swift */,
			);
			name = Models;
			sourceTree = "<group>";
		};
		619D7F9120A9C3A00082C286 /* Views */ = {
			isa = PBXGroup;
			children = (
				61C1AE9920AA21CB003DA5CC /* BlackjackViews */,
			);
			name = Views;
			sourceTree = "<group>";
		};
		619D7F9220A9C3AE0082C286 /* Controllers */ = {
			isa = PBXGroup;
			children = (
				619D7F9420A9F7FE0082C286 /* HomeController.swift */,
				619D7F9620A9F8FB0082C286 /* MichiController.swift */,
				619D7F9820A9F91B0082C286 /* BlackjackController.swift */,
				619D7F9A20A9F96C0082C286 /* GoController.swift */,
			);
			name = Controllers;
			sourceTree = "<group>";
		};
		61C1AE9920AA21CB003DA5CC /* BlackjackViews */ = {
			isa = PBXGroup;
			children = (
				61C1AE9420AA1FFC003DA5CC /* CardView.swift */,
				61C1AE9620AA202C003DA5CC /* CardView.xib */,
			);
			name = BlackjackViews;
			sourceTree = "<group>";
		};
/* End PBXGroup section */

/* Begin PBXNativeTarget section */
		619D7F7820A9C2E60082C286 /* ULimaGamesApp */ = {
			isa = PBXNativeTarget;
			buildConfigurationList = 619D7F8D20A9C2E60082C286 /* Build configuration list for PBXNativeTarget "ULimaGamesApp" */;
			buildPhases = (
				619D7F7520A9C2E60082C286 /* Sources */,
				619D7F7620A9C2E60082C286 /* Frameworks */,
				619D7F7720A9C2E60082C286 /* Resources */,
			);
			buildRules = (
			);
			dependencies = (
			);
			name = ULimaGamesApp;
			productName = ULimaGamesApp;
			productReference = 619D7F7920A9C2E60082C286 /* ULimaGamesApp.app */;
			productType = "com.apple.product-type.application";
		};
/* End PBXNativeTarget section */

/* Begin PBXProject section */
		619D7F7120A9C2E60082C286 /* Project object */ = {
			isa = PBXProject;
			attributes = {
				LastSwiftUpdateCheck = 0720;
				LastUpgradeCheck = 0720;
				ORGANIZATIONNAME = "Universidad de Lima";
				TargetAttributes = {
					619D7F7820A9C2E60082C286 = {
						CreatedOnToolsVersion = 7.2.1;
					};
				};
			};
			buildConfigurationList = 619D7F7420A9C2E60082C286 /* Build configuration list for PBXProject "ULimaGamesApp" */;
			compatibilityVersion = "Xcode 3.2";
			developmentRegion = English;
			hasScannedForEncodings = 0;
			knownRegions = (
				en,
				Base,
			);
			mainGroup = 619D7F7020A9C2E60082C286;
			productRefGroup = 619D7F7A20A9C2E60082C286 /* Products */;
			projectDirPath = "";
			projectRoot = "";
			targets = (
				619D7F7820A9C2E60082C286 /* ULimaGamesApp */,
			);
		};
/* End PBXProject section */

/* Begin PBXResourcesBuildPhase section */
		619D7F7720A9C2E60082C286 /* Resources */ = {
			isa = PBXResourcesBuildPhase;
			buildActionMask = 2147483647;
			files = (
				619D7F8920A9C2E60082C286 /* LaunchScreen.storyboard in Resources */,
				619D7F8620A9C2E60082C286 /* Assets.xcassets in Resources */,
				61C1AE9720AA202C003DA5CC /* CardView.xib in Resources */,
				619D7F8420A9C2E60082C286 /* Main.storyboard in Resources */,
			);
			runOnlyForDeploymentPostprocessing = 0;
		};
/* End PBXResourcesBuildPhase section */

/* Begin PBXSourcesBuildPhase section */
		619D7F7520A9C2E60082C286 /* Sources */ = {
			isa = PBXSourcesBuildPhase;
			buildActionMask = 2147483647;
			files = (
				619D7F9520A9F7FE0082C286 /* HomeController.swift in Sources */,
				619D7F9B20A9F96C0082C286 /* GoController.swift in Sources */,
				619D7F9720A9F8FB0082C286 /* MichiController.swift in Sources */,
				619D7F9920A9F91B0082C286 /* BlackjackController.swift in Sources */,
				61C1AE9520AA1FFC003DA5CC /* CardView.swift in Sources */,
				619D7F7D20A9C2E60082C286 /* AppDelegate.swift in Sources */,
				61C1AE9B20AA21DD003DA5CC /* BlackjackModels.swift in Sources */,
			);
			runOnlyForDeploymentPostprocessing = 0;
		};
/* End PBXSourcesBuildPhase section */

/* Begin PBXVariantGroup section */
		619D7F8220A9C2E60082C286 /* Main.storyboard */ = {
			isa = PBXVariantGroup;
			children = (
				619D7F8320A9C2E60082C286 /* Base */,
			);
			name = Main.storyboard;
			sourceTree = "<group>";
		};
		619D7F8720A9C2E60082C286 /* LaunchScreen.storyboard */ = {
			isa = PBXVariantGroup;
			children = (
				619D7F8820A9C2E60082C286 /* Base */,
			);
			name = LaunchScreen.storyboard;
			sourceTree = "<group>";
		};
/* End PBXVariantGroup section */

/* Begin XCBuildConfiguration section */
		619D7F8B20A9C2E60082C286 /* Debug */ = {
			isa = XCBuildConfiguration;
			buildSettings = {
				ALWAYS_SEARCH_USER_PATHS = NO;
				CLANG_CXX_LANGUAGE_STANDARD = "gnu++0x";
				CLANG_CXX_LIBRARY = "libc++";
				CLANG_ENABLE_MODULES = YES;
				CLANG_ENABLE_OBJC_ARC = YES;
				CLANG_WARN_BOOL_CONVERSION = YES;
				CLANG_WARN_CONSTANT_CONVERSION = YES;
				CLANG_WARN_DIRECT_OBJC_ISA_USAGE = YES_ERROR;
				CLANG_WARN_EMPTY_BODY = YES;
				CLANG_WARN_ENUM_CONVERSION = YES;
				CLANG_WARN_INT_CONVERSION = YES;
				CLANG_WARN_OBJC_ROOT_CLASS = YES_ERROR;
				CLANG_WARN_UNREACHABLE_CODE = YES;
				CLANG_WARN__DUPLICATE_METHOD_MATCH = YES;
				"CODE_SIGN_IDENTITY[sdk=iphoneos*]" = "iPhone Developer";
				COPY_PHASE_STRIP = NO;
				DEBUG_INFORMATION_FORMAT = dwarf;
				ENABLE_STRICT_OBJC_MSGSEND = YES;
				ENABLE_TESTABILITY = YES;
				GCC_C_LANGUAGE_STANDARD = gnu99;
				GCC_DYNAMIC_NO_PIC = NO;
				GCC_NO_COMMON_BLOCKS = YES;
				GCC_OPTIMIZATION_LEVEL = 0;
				GCC_PREPROCESSOR_DEFINITIONS = (
					"DEBUG=1",
					"$(inherited)",
				);
				GCC_WARN_64_TO_32_BIT_CONVERSION = YES;
				GCC_WARN_ABOUT_RETURN_TYPE = YES_ERROR;
				GCC_WARN_UNDECLARED_SELECTOR = YES;
				GCC_WARN_UNINITIALIZED_AUTOS = YES_AGGRESSIVE;
				GCC_WARN_UNUSED_FUNCTION = YES;
				GCC_WARN_UNUSED_VARIABLE = YES;
				IPHONEOS_DEPLOYMENT_TARGET = 9.2;
				MTL_ENABLE_DEBUG_INFO = YES;
				ONLY_ACTIVE_ARCH = YES;
				SDKROOT = iphoneos;
				SWIFT_OPTIMIZATION_LEVEL = "-Onone";
				TARGETED_DEVICE_FAMILY = "1,2";
			};
			name = Debug;
		};
		619D7F8C20A9C2E60082C286 /* Release */ = {
			isa = XCBuildConfiguration;
			buildSettings = {
				ALWAYS_SEARCH_USER_PATHS = NO;
				CLANG_CXX_LANGUAGE_STANDARD = "gnu++0x";
				CLANG_CXX_LIBRARY = "libc++";
				CLANG_ENABLE_MODULES = YES;
				CLANG_ENABLE_OBJC_ARC = YES;
				CLANG_WARN_BOOL_CONVERSION = YES;
				CLANG_WARN_CONSTANT_CONVERSION = YES;
				CLANG_WARN_DIRECT_OBJC_ISA_USAGE = YES_ERROR;
				CLANG_WARN_EMPTY_BODY = YES;
				CLANG_WARN_ENUM_CONVERSION = YES;
				CLANG_WARN_INT_CONVERSION = YES;
				CLANG_WARN_OBJC_ROOT_CLASS = YES_ERROR;
				CLANG_WARN_UNREACHABLE_CODE = YES;
				CLANG_WARN__DUPLICATE_METHOD_MATCH = YES;
				"CODE_SIGN_IDENTITY[sdk=iphoneos*]" = "iPhone Developer";
				COPY_PHASE_STRIP = NO;
				DEBUG_INFORMATION_FORMAT = "dwarf-with-dsym";
				ENABLE_NS_ASSERTIONS = NO;
				ENABLE_STRICT_OBJC_MSGSEND = YES;
				GCC_C_LANGUAGE_STANDARD = gnu99;
				GCC_NO_COMMON_BLOCKS = YES;
				GCC_WARN_64_TO_32_BIT_CONVERSION = YES;
				GCC_WARN_ABOUT_RETURN_TYPE = YES_ERROR;
				GCC_WARN_UNDECLARED_SELECTOR = YES;
				GCC_WARN_UNINITIALIZED_AUTOS = YES_AGGRESSIVE;
				GCC_WARN_UNUSED_FUNCTION = YES;
				GCC_WARN_UNUSED_VARIABLE = YES;
				IPHONEOS_DEPLOYMENT_TARGET = 9.2;
				MTL_ENABLE_DEBUG_INFO = NO;
				SDKROOT = iphoneos;
				TARGETED_DEVICE_FAMILY = "1,2";
				VALIDATE_PRODUCT = YES;
			};
			name = Release;
		};
		619D7F8E20A9C2E60082C286 /* Debug */ = {
			isa = XCBuildConfiguration;
			buildSettings = {
				ASSETCATALOG_COMPILER_APPICON_NAME = AppIcon;
				INFOPLIST_FILE = ULimaGamesApp/Info.plist;
				LD_RUNPATH_SEARCH_PATHS = "$(inherited) @executable_path/Frameworks";
				PRODUCT_BUNDLE_IDENTIFIER = ULima.ULimaGamesApp;
				PRODUCT_NAME = "$(TARGET_NAME)";
			};
			name = Debug;
		};
		619D7F8F20A9C2E60082C286 /* Release */ = {
			isa = XCBuildConfiguration;
			buildSettings = {
				ASSETCATALOG_COMPILER_APPICON_NAME = AppIcon;
				INFOPLIST_FILE = ULimaGamesApp/Info.plist;
				LD_RUNPATH_SEARCH_PATHS = "$(inherited) @executable_path/Frameworks";
				PRODUCT_BUNDLE_IDENTIFIER = ULima.ULimaGamesApp;
				PRODUCT_NAME = "$(TARGET_NAME)";
			};
			name = Release;
		};
/* End XCBuildConfiguration section */

/* Begin XCConfigurationList section */
		619D7F7420A9C2E60082C286 /* Build configuration list for PBXProject "ULimaGamesApp" */ = {
			isa = XCConfigurationList;
			buildConfigurations = (
				619D7F8B20A9C2E60082C286 /* Debug */,
				619D7F8C20A9C2E60082C286 /* Release */,
			);
			defaultConfigurationIsVisible = 0;
			defaultConfigurationName = Release;
		};
		619D7F8D20A9C2E60082C286 /* Build configuration list for PBXNativeTarget "ULimaGamesApp" */ = {
			isa = XCConfigurationList;
			buildConfigurations = (
				619D7F8E20A9C2E60082C286 /* Debug */,
				619D7F8F20A9C2E60082C286 /* Release */,
			);
			defaultConfigurationIsVisible = 0;
			defaultConfigurationName = Release;
		};
/* End XCConfigurationList section */
	};
	rootObject = 619D7F7120A9C2E60082C286 /* Project object */;
}
